github.com/Masterminds/semver v1.4.3-0.20180807142431-c84ddcca87bf h1:WeE5osyS99O/vSJVO+0sSUXgyCVoxsAEGuUhwLgwxwQ=
github.com/Masterminds/semver v1.4.3-0.20180807142431-c84ddcca87bf/go.mod h1:MB6lktGJrhw8PrUyiEoblNEGEQ+RzHPF078ddwwvV3Y=
github.com/Masterminds/sprig v2.16.0+incompatible h1:QZbMUPxRQ50EKAq3LFMnxddMu88/EUUG3qmxwtDmPsY=
github.com/Masterminds/sprig v2.16.0+incompatible/go.mod h1:y6hNFY5UBTIWBxnzTeuNhlNS5hqE0NB0E6fgfo2Br3o=
github.com/PuerkitoBio/purell v1.0.0 h1:0GoNN3taZV6QI81IXgCbxMyEaJDXMSIjArYBCYzVVvs=
github.com/PuerkitoBio/purell v1.0.0/go.mod h1:c11w/QuzBsJSee3cPx9rAFu61PvFxuPbtSwDGJws/X0=
github.com/PuerkitoBio/urlesc v0.0.0-20160726150825-5bd2802263f2 h1:JCHLVE3B+kJde7bIEo5N4J+ZbLhp0J1Fs+ulyRws4gE=
github.com/PuerkitoBio/urlesc v0.0.0-20160726150825-5bd2802263f2/go.mod h1:uGdkoq3SwY9Y+13GIhn11/XLaGBb4BfwItxLd5jeuXE=
github.com/aokoli/goutils v1.0.1 h1:7fpzNGoJ3VA8qcrm++XEE1QUe0mIwNeLa02Nwq7RDkg=
github.com/aokoli/goutils v1.0.1/go.mod h1:SijmP0QR8LtwsmDs8Yii5Z/S4trXFGFC2oO5g9DP+DQ=
github.com/beorn7/perks v0.0.0-20160229213445-3ac7bf7a47d1 h1:OnJHjoVbY69GG4gclp0ngXfywigLhR6rrgUxmxQRWO4=
github.com/beorn7/perks v0.0.0-20160229213445-3ac7bf7a47d1/go.mod h1:Dwedo/Wpr24TaqPxmxbtue+5NUziq4I4S80YR8gNf3Q=
github.com/davecgh/go-spew v1.1.1-0.20170626231645-782f4967f2dc h1:NlbIJbqL8zjb55Vdrsr5uqyVC6/NoUUd2YrLojfE2zI=
github.com/davecgh/go-spew v1.1.1-0.20170626231645-782f4967f2dc/go.mod h1:J7Y8YcW2NihsgmVo/mv3lAwl/skON4iLHjSsI+c5H38=
github.com/emicklei/go-restful v1.1.4-0.20170410110728-ff4f55a20633 h1:1MGKWTwW+rqKPXlCs0T+6UMYBNp8Hwl+gMQ6hmf/GaQ=
github.com/emicklei/go-restful v1.1.4-0.20170410110728-ff4f55a20633/go.mod h1:otzb+WCGbkyDHkqmQmT5YD2WR4BBwUdeQoFo8l/7tVs=
github.com/emicklei/go-restful-swagger12 v0.0.0-20170208215640-dcef7f557305 h1:2vAWk0wMCWb/pYiyat2rRZp5I5ZM+efPlagySNZ3JeM=
github.com/emicklei/go-restful-swagger12 v0.0.0-20170208215640-dcef7f557305/go.mod h1:qr0VowGBT4CS4Q8vFF8BSeKz34PuqKGxs/L0IAQA9DQ=
github.com/ghodss/yaml v0.0.0-20150909031657-73d445a93680 h1:ZktWZesgun21uEDrwW7iEV1zPCGQldM2atlJZ3TdvVM=
github.com/ghodss/yaml v0.0.0-20150909031657-73d445a93680/go.mod h1:4dBDuWmgqj2HViK6kFavaiC9ZROes6MMH2rRYeMEF04=
github.com/go-openapi/jsonpointer v0.0.0-20160704185906-46af16f9f7b1 h1:wSt/4CYxs70xbATrGXhokKF1i0tZjENLOo1ioIO13zk=
github.com/go-openapi/jsonpointer v0.0.0-20160704185906-46af16f9f7b1/go.mod h1:+35s3my2LFTysnkMfxsJBAMHj/DoqoB9knIWoYG/Vk0=
github.com/go-openapi/jsonreference v0.0.0-20160704190145-13c6e3589ad9 h1:tF+augKRWlWx0J0B7ZyyKSiTyV6E1zZe+7b3qQlcEf8=
github.com/go-openapi/jsonreference v0.0.0-20160704190145-13c6e3589ad9/go.mod h1:W3Z9FmVs9qj+KR4zFKmDPGiLdk1D9Rlm7cyMvf57TTg=
github.com/go-openapi/spec v0.0.0-20160808142527-6aced65f8501 h1:C1JKChikHGpXwT5UQDFaryIpDtyyGL/CR6C2kB7F1oc=
github.com/go-openapi/spec v0.0.0-20160808142527-6aced65f8501/go.mod h1:J8+jY1nAiCcj+friV/PDoE1/3eeccG9LYBs0tYvLOWc=
github.com/go-openapi/swag v0.0.0-20160704191624-1d0bd113de87 h1:zP3nY8Tk2E6RTkqGYrarZXuzh+ffyLDljLxCy1iJw80=
github.com/go-openapi/swag v0.0.0-20160704191624-1d0bd113de87/go.mod h1:DXUve3Dpr1UfpPtxFw+EFuQ41HhCWZfha5jSVRG7C7I=
github.com/gogo/protobuf v0.0.0-20170330071051-c0656edd0d9e h1:ago6fNuQ6IhszPsXkeU7qRCyfsIX7L67WDybsAPkLl8=
github.com/gogo/protobuf v0.0.0-20170330071051-c0656edd0d9e/go.mod h1:r8qH/GZQm5c6nD/R0oafs1akxWv10x8SbQlK7atdtwQ=
github.com/golang/glog v0.0.0-20160126235308-23def4e6c14b h1:VKtxabqXZkF25pY9ekfRL6a582T4P37/31XEstQ5p58=
github.com/golang/glog v0.0.0-20160126235308-23def4e6c14b/go.mod h1:SBH7ygxi8pfUlaOkMMuAQtPIUF8ecWP5IEl/CR7VP2Q=
github.com/golang/groupcache v0.0.0-20160516000752-02826c3e7903 h1:LbsanbbD6LieFkXbj9YNNBupiGHJgFeLpO0j0Fza1h8=
github.com/golang/groupcache v0.0.0-20160516000752-02826c3e7903/go.mod h1:cIg4eruTrX1D+g88fzRXU5OdNfaM+9IcxsU14FzY7Hc=
github.com/golang/protobuf v0.0.0-20161109072736-4bd1920723d7 h1:VoRHccBV7zFWlO/I85D1ke/x5Ak9Y7gKm9gkf7LHNhI=
github.com/golang/protobuf v0.0.0-20161109072736-4bd1920723d7/go.mod h1:6lQm79b+lXiMfvg/cZm0SGofjICqVBUtrP5yJMmIC1U=
github.com/google/btree v0.0.0-20160524151835-7d79101e329e h1:JHB7F/4TJCrYBW8+GZO8VkWDj1jxcWuCl6uxKODiyi4=
github.com/google/btree v0.0.0-20160524151835-7d79101e329e/go.mod h1:lNA+9X1NB3Zf8V7Ke586lFgjr2dZNuvo3lPJSGZ5JPQ=
github.com/google/gofuzz v0.0.0-20161122191042-44d81051d367 h1:ScAXWS+TR6MZKex+7Z8rneuSJH+FSDqd6ocQyl+ZHo4=
github.com/google/gofuzz v0.0.0-20161122191042-44d81051d367/go.mod h1:HP5RmnzzSNb993RKQDq4+1A4ia9nllfqcQFTQJedwGI=
github.com/google/uuid v1.1.0 h1:Jf4mxPC/ziBnoPIdpQdPJ9OeiomAUHLvxmPRSPH9m4s=
github.com/google/uuid v1.1.0/go.mod h1:TIyPZe4MgqvfeYDBFedMoGGpEw/LqOeaOT+nhxU+yHo=
github.com/googleapis/gnostic v0.0.0-20170729233727-0c5108395e2d h1:7XGaL1e6bYS1yIonGp9761ExpPPV1ui0SAC59Yube9k=
github.com/googleapis/gnostic v0.0.0-20170729233727-0c5108395e2d/go.mod h1:sJBsCZ4ayReDTBIg8b9dl28c5xFWyhBTVRp3pOg5EKY=
github.com/gregjones/httpcache v0.0.0-20170728041850-787624de3eb7 h1:6TSoaYExHper8PYsJu23GWVNOyYRCSnIFyxKgLSZ54w=
github.com/gregjones/httpcache v0.0.0-20170728041850-787624de3eb7/go.mod h1:FecbI9+v66THATjSRHfNgh1IVFe/9kFxbXtjV0ctIMA=
github.com/hashicorp/golang-lru v0.0.0-20160207214719-a0d98a5f2880 h1:OaRuzt9oCKNui8cCskZijoKUwe+aCuuCwvx1ox8FNyw=
github.com/hashicorp/golang-lru v0.0.0-20160207214719-a0d98a5f2880/go.mod h1:/m3WP610KZHVQ1SGc6re/UDhFvYD7pJ4Ao+sR/qLZy8=
github.com/howeyc/gopass v0.0.0-20170109162249-bf9dde6d0d2c h1:kQWxfPIHVLbgLzphqk3QUflDy9QdksZR4ygR807bpy0=
github.com/howeyc/gopass v0.0.0-20170109162249-bf9dde6d0d2c/go.mod h1:lADxMC39cJJqL93Duh1xhAs4I2Zs8mKS89XWXFGp9cs=
github.com/huandu/xstrings v1.2.1-0.20180906151751-8bbcf2f9ccb5 h1:b7TOn7NRoUPI/+R6AVc3Qq6Rq3G1ov8HnlzxjuNUfgk=
github.com/huandu/xstrings v1.2.1-0.20180906151751-8bbcf2f9ccb5/go.mod h1:DvyZB1rfVYsBIigL8HwpZgxHwXozlTgGqn63UyNX5k4=
github.com/imdario/mergo v0.0.0-20171009183408-7fe0c75c13ab h1:k/Biv+LJL35wkk0Hveko1nj7as4tSHkHdZaNlzn/gcQ=
github.com/imdario/mergo v0.0.0-20171009183408-7fe0c75c13ab/go.mod h1:2EnlNZ0deacrJVfApfmtdGgDfMuh/nq6Ok1EcJh5FfA=
github.com/json-iterator/go v0.0.0-20170829155851-36b14963da70 h1:Mq6w++zHWe5wASWvrvVqTerOkfiXIUojnL85OhqK2/I=
github.com/json-iterator/go v0.0.0-20170829155851-36b14963da70/go.mod h1:+SdeFBvtyEkXs7REEP0seUULqWtbJapLOCVDaaPEHmU=
github.com/juju/ratelimit v0.0.0-20170523012141-5b9ff8664717 h1:gfrLWZBU8a+vr2wQZWR9ctEm3syl1A7QIN9O2p7lZ/4=
github.com/juju/ratelimit v0.0.0-20170523012141-5b9ff8664717/go.mod h1:qapgC/Gy+xNh9UxzV13HGGl/6UXNN+ct+vwSgWNm/qk=
github.com/kylelemons/godebug v0.0.0-20170820004349-d65d576e9348 h1:MtvEpTB6LX3vkb4ax0b5D2DHbNAUsen0Gx5wZoq3lV4=
github.com/kylelemons/godebug v0.0.0-20170820004349-d65d576e9348/go.mod h1:B69LEHPfb2qLo0BaaOLcbitczOKLWTsrBG9LczfCD4k=
github.com/mailru/easyjson v0.0.0-20160728113105-d5b7844b561a h1:TpvdAwDAt1K4ANVOfcihouRdvP+MgAfDWwBuct4l6ZY=
github.com/mailru/easyjson v0.0.0-20160728113105-d5b7844b561a/go.mod h1:C1wdFJiN94OJF2b5HbByQZoLdCWB1Yqtg26g4irojpc=
github.com/matttproud/golang_protobuf_extensions v0.0.0-20150406173934-fc2b8d3a73c4 h1:NlK6WXPDxjVVwseTuj5NdNJBDabnoJryx4UqB5i/Lk8=
github.com/matttproud/golang_protobuf_extensions v0.0.0-20150406173934-fc2b8d3a73c4/go.mod h1:D8He9yQNgCq6Z5Ld7szi9bcBfOoFv/3dc6xSMkL2PC0=
github.com/mitchellh/mapstructure v0.0.0-20171017171808-06020f85339e h1:PtGHLB3CX3TFPcksODQMxncoeQKWwCgTg0bJ40VLJP4=
github.com/mitchellh/mapstructure v0.0.0-20171017171808-06020f85339e/go.mod h1:FVVH3fgwuzCH5S8UJGiWEs2h04kUh9fWfEaFds41c1Y=
github.com/peterbourgon/diskv v2.0.1+incompatible h1:UBdAOUP5p4RWqPBg048CAvpKN+vxiaj6gdUUzhl4XmI=
github.com/peterbourgon/diskv v2.0.1+incompatible/go.mod h1:uqqh8zWWbv1HBMNONnaR/tNboyR3/BZd58JJSHlUSCU=
github.com/pkg/errors v0.8.0 h1:WdK/asTD0HN+q6hsWO3/vpuAkAr+tw6aNJNDFFf0+qw=
github.com/pkg/errors v0.8.0/go.mod h1:bwawxfHBFNV+L2hUp1rHADufV3IMtnDRdf1r5NINEl0=
github.com/prometheus/client_golang v0.8.1-0.20170531130054-e7e903064f5e h1:/NYFfFpkk6JLLVkCOtKoW0R5YH9ULEUc1yQ93UM9ffA=
github.com/prometheus/client_golang v0.8.1-0.20170531130054-e7e903064f5e/go.mod h1:7SWBe2y4D6OKWSNQJUaRYU/AaXPKyh/dDVn+NZz0KFw=
github.com/prometheus/client_model v0.0.0-20150212101744-fa8ad6fec335 h1:0E/5GnGmzoDCtmzTycjGDWW33H0UBmAhR0h+FC8hWLs=
github.com/prometheus/client_model v0.0.0-20150212101744-fa8ad6fec335/go.mod h1:MbSGuTsp3dbXC40dX6PRTWyKYBIrTGTE9sqQNg2J8bo=
github.com/prometheus/common v0.0.0-20170427095455-13ba4ddd0caa h1:WBOqSBZzK9pqPXiewLT2aL9evdTCy4hUefz0h3iJGGI=
github.com/prometheus/common v0.0.0-20170427095455-13ba4ddd0caa/go.mod h1:daVV7qP5qjZbuso7PdcryaAu0sAZbrN9i7WWcTMWvro=
github.com/prometheus/procfs v0.0.0-20170519190837-65c1f6f8f0fc h1:eEx6/InsHC/w5bo5ADfs4u7uf7NXgmDDui12UF205Ag=
github.com/prometheus/procfs v0.0.0-20170519190837-65c1f6f8f0fc/go.mod h1:c3At6R/oaqEKCNdg8wHV1ftS6bRYblBhIjjI8uT2IGk=
github.com/spf13/pflag v1.0.0 h1:oaPbdDe/x0UncahuwiPxW1GYJyilRAdsPnq3e1yaPcI=
github.com/spf13/pflag v1.0.0/go.mod h1:DYY7MBk1bdzusC3SYhjObp+wFpr4gzcvqqNjLnInEg4=
golang.org/x/crypto v0.0.0-20170825220121-81e90905daef h1:R8ubLIilYRXIXpgjOg2l/ECVs3HzVKIjJEhxSsQ91u4=
golang.org/x/crypto v0.0.0-20170825220121-81e90905daef/go.mod h1:6SG95UA2DQfeDnfUPMdvaQW0Q7yPrPDi9nlGo2tz2b4=
golang.org/x/net v0.0.0-20170809000501-1c05540f6879 h1:0rFa7EaCGdQPmZVbo9F7MNF65b8dyzS6EUnXjs9Cllk=
golang.org/x/net v0.0.0-20170809000501-1c05540f6879/go.mod h1:mL1N/T3taQHkDXs73rZJwtUhF3w3ftmwwsq0BUmARs4=
golang.org/x/sys v0.0.0-20170901181214-7ddbeae9ae08 h1:zbq2OrbM9Ho7ysO4U4W7fOFUNYfeTv/dmAAbMiG9qRs=
golang.org/x/sys v0.0.0-20170901181214-7ddbeae9ae08/go.mod h1:STP8DvDyc/dI5b8T5hshtkjS+E42TnysNCUPdjciGhY=
golang.org/x/text v0.0.0-20170810154203-b19bf474d317 h1:WKW+OPdYPlvOTVGHuMfjnIC6yY2SI93yFB0pZ7giBmQ=
golang.org/x/text v0.0.0-20170810154203-b19bf474d317/go.mod h1:NqM8EUOU14njkJ3fqMW+pc6Ldnwhi/IjpwHt7yyuwOQ=
gopkg.in/fsnotify.v1 v1.4.2 h1:AwZiD/bIUttYJ+n/k1UwlSUsM+VSE6id7UAnSKqQ+Tc=
gopkg.in/fsnotify.v1 v1.4.2/go.mod h1:Tz8NjZHkW78fSQdbUxIjBTcgA1z1m8ZHf0WmKUhAMys=
gopkg.in/go-playground/pool.v3 v3.1.1 h1:4Qcj91IsYTpIeRhe/eo6Fz+w6uKWPEghx8vHFTYMfhw=
gopkg.in/go-playground/pool.v3 v3.1.1/go.mod h1:pUAGBximS/hccTTSzEop6wvvQhVa3QPDFFW+8REdutg=
gopkg.in/inf.v0 v0.9.0 h1:3zYtXIO92bvsdS3ggAdA8Gb4Azj0YU+TVY1uGYNFA8o=
gopkg.in/inf.v0 v0.9.0/go.mod h1:cWUDdTG/fYaXco+Dcufb5Vnc6Gp2YChqWtbxRZE0mXw=
gopkg.in/yaml.v2 v2.0.0-20150924142314-53feefa2559f h1:sOheF02XWNGQor9t3gRZtN/HlgP6sv3NozSahoTEmiM=
gopkg.in/yaml.v2 v2.0.0-20150924142314-53feefa2559f/go.mod h1:JAlM8MvJe8wmxCU4Bli9HhUf9+ttbYbLASfIpnQbh74=
k8s.io/api v0.0.0-20170922112058-fe29995db376 h1:xED2Koq20vYhrfwxgBE4YfA/rMY0nm4YxaK7YJVklZ8=
k8s.io/api v0.0.0-20170922112058-fe29995db376/go.mod h1:iuAfoD4hCxJ8Onx9kaTIt30j7jUFS00AXQi6QMi99vA=
k8s.io/apimachinery v0.0.0-20170925234155-019ae5ada31d h1:gXwq2kt3QZPmEOAfKymCqSg04DCc7fchlPqUmZ2tTn8=
k8s.io/apimachinery v0.0.0-20170925234155-019ae5ada31d/go.mod h1:ccL7Eh7zubPUSh9A3USN90/OzHNSVN6zxzde07TDCL0=
k8s.io/apiserver v0.0.0-20170716040924-7eb7a42b3f4b h1:MFJLKl7RnlJ01jgli7o0ez5tIZmMDOewB7+vpPyKJaY=
k8s.io/apiserver v0.0.0-20170716040924-7eb7a42b3f4b/go.mod h1:6bqaTSOSJavUIXUtfaR9Os9JtTCm8ZqH2SUl2S60C4w=
k8s.io/client-go v5.0.0+incompatible h1:GRNZwjeW9HjYCAY0+EwNf6Tvp+mXx/uBVVcT8ixJz+s=
k8s.io/client-go v5.0.0+incompatible/go.mod h1:7vJpHMYJwNQCWgzmNV+VYUl1zCObLyodBc8nIyt8L5s=
k8s.io/kube-openapi v0.0.0-20170830100654-868f2f29720b h1:SyuirKLV40nduven5kTB5bLsE/dbzCCxeQbFpf12Fi8=
k8s.io/kube-openapi v0.0.0-20170830100654-868f2f29720b/go.mod h1:BXM9ceUBTj2QnfH2MK1odQs778ajze1RxcmP6S8RVVc=
k8s.io/kubernetes v1.8.3 h1:LBJxaP6ManHDH0MMYfEVfYQaXPegv7vhg5ub2pXPHu8=
k8s.io/kubernetes v1.8.3/go.mod h1:ocZa8+6APFNC2tX1DZASIbocyYT5jHzqFVsY5aoB7Jk=
